hash: 41f339d9ac30eeed20bf0fe3466ec439c8b26a5c9516c7ac41302fc8247dee35
updated: 2019-01-29T16:56:10.07058+08:00
imports:
- name: github.com/aliyun/aliyun-log-go-sdk
  version: 79cf7c59e4d638b53028bae279a63f44872a5442
- name: github.com/cenkalti/backoff
  version: 1e4cf3da559842a91afcb6ea6141451e6c30c618
- name: github.com/gogo/protobuf
  version: 1ef32a8b9fc3f8ec940126907cedb5998f6318e4
  subpackages:
  - gogoproto
  - proto
  - protoc-gen-gogo/descriptor
- name: github.com/golang/glog
  version: 23def4e6c14b4da8ac2ed8007337bc5eb5007998
- name: github.com/golang/protobuf
  version: aa810b61a9c79d51363740d207bb46cf8e620ed5
  subpackages:
  - proto
- name: github.com/pierrec/lz4
  version: ed8d4cc3b461464e69798080a0092bd028910298
- name: github.com/pierrec/xxHash
  version: a0006b13c722f7f12368c00a3d3c2ae8a999a0c6
  subpackages:
  - xxHash32
- name: github.com/pkg/errors
  version: ffb6e22f01932bf7ac35e0bad9be11f01d1c8685
- name: golang.org/x/net
  version: 22ae77b79946ea320088417e4d50825671d82d57
  repo: https://github.com/golang/net.git
  subpackages:
  - context
testImports: []
